// !$*UTF8*$!
{
	archiveVersion = 1;
	classes = {
	};
	objectVersion = 50;
	objects = {

/* Begin PBXBuildFile section */
		FB4F120F237A2B7C004CE874 /* AppDelegate.swift in Sources */ = {isa = PBXBuildFile; fileRef = FB4F120E237A2B7C004CE874 /* AppDelegate.swift */; };
		FB4F1211237A2B7C004CE874 /* SceneDelegate.swift in Sources */ = {isa = PBXBuildFile; fileRef = FB4F1210237A2B7C004CE874 /* SceneDelegate.swift */; };
		FB4F1216237A2B7C004CE874 /* Main.storyboard in Resources */ = {isa = PBXBuildFile; fileRef = FB4F1214237A2B7C004CE874 /* Main.storyboard */; };
		FB4F1218237A2B7D004CE874 /* Assets.xcassets in Resources */ = {isa = PBXBuildFile; fileRef = FB4F1217237A2B7D004CE874 /* Assets.xcassets */; };
		FB4F121B237A2B7D004CE874 /* LaunchScreen.storyboard in Resources */ = {isa = PBXBuildFile; fileRef = FB4F1219237A2B7D004CE874 /* LaunchScreen.storyboard */; };
		FB4F1223237A2C89004CE874 /* Crab.xcassets in Resources */ = {isa = PBXBuildFile; fileRef = FB4F1222237A2C89004CE874 /* Crab.xcassets */; };
		FB4F1225237A2CD4004CE874 /* SKSpriteNode+Utility.swift in Sources */ = {isa = PBXBuildFile; fileRef = FB4F1224237A2CD4004CE874 /* SKSpriteNode+Utility.swift */; };
		FB4F1227237A2D1E004CE874 /* Info.storyboard in Resources */ = {isa = PBXBuildFile; fileRef = FB4F1226237A2D1E004CE874 /* Info.storyboard */; };
		FB4F1229237A2DE1004CE874 /* Settings.swift in Sources */ = {isa = PBXBuildFile; fileRef = FB4F1228237A2DE1004CE874 /* Settings.swift */; };
/* End PBXBuildFile section */

/* Begin PBXFileReference section */
		FB4F120B237A2B7C004CE874 /* Crabs.app */ = {isa = PBXFileReference; explicitFileType = wrapper.application; includeInIndex = 0; path = Crabs.app; sourceTree = BUILT_PRODUCTS_DIR; };
		FB4F120E237A2B7C004CE874 /* AppDelegate.swift */ = {isa = PBXFileReference; lastKnownFileType = sourcecode.swift; path = AppDelegate.swift; sourceTree = "<group>"; };
		FB4F1210237A2B7C004CE874 /* SceneDelegate.swift */ = {isa = PBXFileReference; lastKnownFileType = sourcecode.swift; path = SceneDelegate.swift; sourceTree = "<group>"; };
		FB4F1215237A2B7C004CE874 /* Base */ = {isa = PBXFileReference; lastKnownFileType = file.storyboard; name = Base; path = Base.lproj/Main.storyboard; sourceTree = "<group>"; };
		FB4F1217237A2B7D004CE874 /* Assets.xcassets */ = {isa = PBXFileReference; lastKnownFileType = folder.assetcatalog; path = Assets.xcassets; sourceTree = "<group>"; };
		FB4F121A237A2B7D004CE874 /* Base */ = {isa = PBXFileReference; lastKnownFileType = file.storyboard; name = Base; path = Base.lproj/LaunchScreen.storyboard; sourceTree = "<group>"; };
		FB4F121C237A2B7D004CE874 /* Info.plist */ = {isa = PBXFileReference; lastKnownFileType = text.plist.xml; path = Info.plist; sourceTree = "<group>"; };
		FB4F1222237A2C89004CE874 /* Crab.xcassets */ = {isa = PBXFileReference; lastKnownFileType = folder.assetcatalog; name = Crab.xcassets; path = ../Crab.xcassets; sourceTree = "<group>"; };
		FB4F1224237A2CD4004CE874 /* SKSpriteNode+Utility.swift */ = {isa = PBXFileReference; fileEncoding = 4; lastKnownFileType = sourcecode.swift; name = "SKSpriteNode+Utility.swift"; path = "../SKSpriteNode+Utility.swift"; sourceTree = "<group>"; };
		FB4F1226237A2D1E004CE874 /* Info.storyboard */ = {isa = PBXFileReference; lastKnownFileType = file.storyboard; path = Info.storyboard; sourceTree = "<group>"; };
		FB4F1228237A2DE1004CE874 /* Settings.swift */ = {isa = PBXFileReference; lastKnownFileType = sourcecode.swift; path = Settings.swift; sourceTree = "<group>"; };
/* End PBXFileReference section */

/* Begin PBXFrameworksBuildPhase section */
		FB4F1208237A2B7C004CE874 /* Frameworks */ = {
			isa = PBXFrameworksBuildPhase;
			buildActionMask = 2147483647;
			files = (
			);
			runOnlyForDeploymentPostprocessing = 0;
		};
/* End PBXFrameworksBuildPhase section */

/* Begin PBXGroup section */
		FB4F1202237A2B7C004CE874 = {
			isa = PBXGroup;
			children = (
				FB4F120D237A2B7C004CE874 /* Crabs */,
				FB4F120C237A2B7C004CE874 /* Products */,
				FB4F1222237A2C89004CE874 /* Crab.xcassets */,
				FB4F1224237A2CD4004CE874 /* SKSpriteNode+Utility.swift */,
				FB4F1226237A2D1E004CE874 /* Info.storyboard */,
				FB4F1228237A2DE1004CE874 /* Settings.swift */,
			);
			sourceTree = "<group>";
		};
		FB4F120C237A2B7C004CE874 /* Products */ = {
			isa = PBXGroup;
			children = (
				FB4F120B237A2B7C004CE874 /* Crabs.app */,
			);
			name = Products;
			sourceTree = "<group>";
		};
		FB4F120D237A2B7C004CE874 /* Crabs */ = {
			isa = PBXGroup;
			children = (
				FB4F120E237A2B7C004CE874 /* AppDelegate.swift */,
				FB4F1210237A2B7C004CE874 /* SceneDelegate.swift */,
				FB4F1214237A2B7C004CE874 /* Main.storyboard */,
				FB4F1217237A2B7D004CE874 /* Assets.xcassets */,
				FB4F1219237A2B7D004CE874 /* LaunchScreen.storyboard */,
				FB4F121C237A2B7D004CE874 /* Info.plist */,
			);
			path = Crabs;
			sourceTree = "<group>";
		};
/* End PBXGroup section */

/* Begin PBXNativeTarget section */
		FB4F120A237A2B7C004CE874 /* Crabs */ = {
			isa = PBXNativeTarget;
			buildConfigurationList = FB4F121F237A2B7D004CE874 /* Build configuration list for PBXNativeTarget "Crabs" */;
			buildPhases = (
				FB4F1207237A2B7C004CE874 /* Sources */,
				FB4F1208237A2B7C004CE874 /* Frameworks */,
				FB4F1209237A2B7C004CE874 /* Resources */,
			);
			buildRules = (
			);
			dependencies = (
			);
			name = Crabs;
			productName = Crabs;
			productReference = FB4F120B237A2B7C004CE874 /* Crabs.app */;
			productType = "com.apple.product-type.application";
		};
/* End PBXNativeTarget section */

/* Begin PBXProject section */
		FB4F1203237A2B7C004CE874 /* Project object */ = {
			isa = PBXProject;
			attributes = {
				LastSwiftUpdateCheck = 1110;
				LastUpgradeCheck = 1110;
				ORGANIZATIONNAME = Lambda_School_Loaner_219;
				TargetAttributes = {
					FB4F120A237A2B7C004CE874 = {
						CreatedOnToolsVersion = 11.1;
					};
				};
			};
			buildConfigurationList = FB4F1206237A2B7C004CE874 /* Build configuration list for PBXProject "Crabs" */;
			compatibilityVersion = "Xcode 9.3";
			developmentRegion = en;
			hasScannedForEncodings = 0;
			knownRegions = (
				en,
				Base,
			);
			mainGroup = FB4F1202237A2B7C004CE874;
			productRefGroup = FB4F120C237A2B7C004CE874 /* Products */;
			projectDirPath = "";
			projectRoot = "";
			targets = (
				FB4F120A237A2B7C004CE874 /* Crabs */,
			);
		};
/* End PBXProject section */

/* Begin PBXResourcesBuildPhase section */
		FB4F1209237A2B7C004CE874 /* Resources */ = {
			isa = PBXResourcesBuildPhase;
			buildActionMask = 2147483647;
			files = (
				FB4F121B237A2B7D004CE874 /* LaunchScreen.storyboard in Resources */,
				FB4F1223237A2C89004CE874 /* Crab.xcassets in Resources */,
				FB4F1218237A2B7D004CE874 /* Assets.xcassets in Resources */,
				FB4F1227237A2D1E004CE874 /* Info.storyboard in Resources */,
				FB4F1216237A2B7C004CE874 /* Main.storyboard in Resources */,
			);
			runOnlyForDeploymentPostprocessing = 0;
		};
/* End PBXResourcesBuildPhase section */

/* Begin PBXSourcesBuildPhase section */
		FB4F1207237A2B7C004CE874 /* Sources */ = {
			isa = PBXSourcesBuildPhase;
			buildActionMask = 2147483647;
			files = (
				FB4F1225237A2CD4004CE874 /* SKSpriteNode+Utility.swift in Sources */,
				FB4F120F237A2B7C004CE874 /* AppDelegate.swift in Sources */,
				FB4F1229237A2DE1004CE874 /* Settings.swift in Sources */,
				FB4F1211237A2B7C004CE874 /* SceneDelegate.swift in Sources */,
			);
			runOnlyForDeploymentPostprocessing = 0;
		};
/* End PBXSourcesBuildPhase section */

/* Begin PBXVariantGroup section */
		FB4F1214237A2B7C004CE874 /* Main.storyboard */ = {
			isa = PBXVariantGroup;
			children = (
				FB4F1215237A2B7C004CE874 /* Base */,
			);
			name = Main.storyboard;
			sourceTree = "<group>";
		};
		FB4F1219237A2B7D004CE874 /* LaunchScreen.storyboard */ = {
			isa = PBXVariantGroup;
			children = (
				FB4F121A237A2B7D004CE874 /* Base */,
			);
			name = LaunchScreen.storyboard;
			sourceTree = "<group>";
		};
/* End PBXVariantGroup section */

/* Begin XCBuildConfiguration section */
		FB4F121D237A2B7D004CE874 /* Debug */ = {
			isa = XCBuildConfiguration;
			buildSettings = {
				ALWAYS_SEARCH_USER_PATHS = NO;
				CLANG_ANALYZER_NONNULL = YES;
				CLANG_ANALYZER_NUMBER_OBJECT_CONVERSION = YES_AGGRESSIVE;
				CLANG_CXX_LANGUAGE_STANDARD = "gnu++14";
				CLANG_CXX_LIBRARY = "libc++";
				CLANG_ENABLE_MODULES = YES;
				CLANG_ENABLE_OBJC_ARC = YES;
				CLANG_ENABLE_OBJC_WEAK = YES;
				CLANG_WARN_BLOCK_CAPTURE_AUTORELEASING = YES;
				CLANG_WARN_BOOL_CONVERSION = YES;
				CLANG_WARN_COMMA = YES;
				CLANG_WARN_CONSTANT_CONVERSION = YES;
				CLANG_WARN_DEPRECATED_OBJC_IMPLEMENTATIONS = YES;
				CLANG_WARN_DIRECT_OBJC_ISA_USAGE = YES_ERROR;
				CLANG_WARN_DOCUMENTATION_COMMENTS = YES;
				CLANG_WARN_EMPTY_BODY = YES;
				CLANG_WARN_ENUM_CONVERSION = YES;
				CLANG_WARN_INFINITE_RECURSION = YES;
				CLANG_WARN_INT_CONVERSION = YES;
				CLANG_WARN_NON_LITERAL_NULL_CONVERSION = YES;
				CLANG_WARN_OBJC_IMPLICIT_RETAIN_SELF = YES;
				CLANG_WARN_OBJC_LITERAL_CONVERSION = YES;
				CLANG_WARN_OBJC_ROOT_CLASS = YES_ERROR;
				CLANG_WARN_RANGE_LOOP_ANALYSIS = YES;
				CLANG_WARN_STRICT_PROTOTYPES = YES;
				CLANG_WARN_SUSPICIOUS_MOVE = YES;
				CLANG_WARN_UNGUARDED_AVAILABILITY = YES_AGGRESSIVE;
				CLANG_WARN_UNREACHABLE_CODE = YES;
				CLANG_WARN__DUPLICATE_METHOD_MATCH = YES;
				COPY_PHASE_STRIP = NO;
				DEBUG_INFORMATION_FORMAT = dwarf;
				ENABLE_STRICT_OBJC_MSGSEND = YES;
				ENABLE_TESTABILITY = YES;
				GCC_C_LANGUAGE_STANDARD = gnu11;
				GCC_DYNAMIC_NO_PIC = NO;
				GCC_NO_COMMON_BLOCKS = YES;
				GCC_OPTIMIZATION_LEVEL = 0;
				GCC_PREPROCESSOR_DEFINITIONS = (
					"DEBUG=1",
					"$(inherited)",
				);
				GCC_WARN_64_TO_32_BIT_CONVERSION = YES;
				GCC_WARN_ABOUT_RETURN_TYPE = YES_ERROR;
				GCC_WARN_UNDECLARED_SELECTOR = YES;
				GCC_WARN_UNINITIALIZED_AUTOS = YES_AGGRESSIVE;
				GCC_WARN_UNUSED_FUNCTION = YES;
				GCC_WARN_UNUSED_VARIABLE = YES;
				IPHONEOS_DEPLOYMENT_TARGET = 13.1;
				MTL_ENABLE_DEBUG_INFO = INCLUDE_SOURCE;
				MTL_FAST_MATH = YES;
				ONLY_ACTIVE_ARCH = YES;
				SDKROOT = iphoneos;
				SWIFT_ACTIVE_COMPILATION_CONDITIONS = DEBUG;
				SWIFT_OPTIMIZATION_LEVEL = "-Onone";
			};
			name = Debug;
		};
		FB4F121E237A2B7D004CE874 /* Release */ = {
			isa = XCBuildConfiguration;
			buildSettings = {
				ALWAYS_SEARCH_USER_PATHS = NO;
				CLANG_ANALYZER_NONNULL = YES;
				CLANG_ANALYZER_NUMBER_OBJECT_CONVERSION = YES_AGGRESSIVE;
				CLANG_CXX_LANGUAGE_STANDARD = "gnu++14";
				CLANG_CXX_LIBRARY = "libc++";
				CLANG_ENABLE_MODULES = YES;
				CLANG_ENABLE_OBJC_ARC = YES;
				CLANG_ENABLE_OBJC_WEAK = YES;
				CLANG_WARN_BLOCK_CAPTURE_AUTORELEASING = YES;
				CLANG_WARN_BOOL_CONVERSION = YES;
				CLANG_WARN_COMMA = YES;
				CLANG_WARN_CONSTANT_CONVERSION = YES;
				CLANG_WARN_DEPRECATED_OBJC_IMPLEMENTATIONS = YES;
				CLANG_WARN_DIRECT_OBJC_ISA_USAGE = YES_ERROR;
				CLANG_WARN_DOCUMENTATION_COMMENTS = YES;
				CLANG_WARN_EMPTY_BODY = YES;
				CLANG_WARN_ENUM_CONVERSION = YES;
				CLANG_WARN_INFINITE_RECURSION = YES;
				CLANG_WARN_INT_CONVERSION = YES;
				CLANG_WARN_NON_LITERAL_NULL_CONVERSION = YES;
				CLANG_WARN_OBJC_IMPLICIT_RETAIN_SELF = YES;
				CLANG_WARN_OBJC_LITERAL_CONVERSION = YES;
				CLANG_WARN_OBJC_ROOT_CLASS = YES_ERROR;
				CLANG_WARN_RANGE_LOOP_ANALYSIS = YES;
				CLANG_WARN_STRICT_PROTOTYPES = YES;
				CLANG_WARN_SUSPICIOUS_MOVE = YES;
				CLANG_WARN_UNGUARDED_AVAILABILITY = YES_AGGRESSIVE;
				CLANG_WARN_UNREACHABLE_CODE = YES;
				CLANG_WARN__DUPLICATE_METHOD_MATCH = YES;
				COPY_PHASE_STRIP = NO;
				DEBUG_INFORMATION_FORMAT = "dwarf-with-dsym";
				ENABLE_NS_ASSERTIONS = NO;
				ENABLE_STRICT_OBJC_MSGSEND = YES;
				GCC_C_LANGUAGE_STANDARD = gnu11;
				GCC_NO_COMMON_BLOCKS = YES;
				GCC_WARN_64_TO_32_BIT_CONVERSION = YES;
				GCC_WARN_ABOUT_RETURN_TYPE = YES_ERROR;
				GCC_WARN_UNDECLARED_SELECTOR = YES;
				GCC_WARN_UNINITIALIZED_AUTOS = YES_AGGRESSIVE;
				GCC_WARN_UNUSED_FUNCTION = YES;
				GCC_WARN_UNUSED_VARIABLE = YES;
				IPHONEOS_DEPLOYMENT_TARGET = 13.1;
				MTL_ENABLE_DEBUG_INFO = NO;
				MTL_FAST_MATH = YES;
				SDKROOT = iphoneos;
				SWIFT_COMPILATION_MODE = wholemodule;
				SWIFT_OPTIMIZATION_LEVEL = "-O";
				VALIDATE_PRODUCT = YES;
			};
			name = Release;
		};
		FB4F1220237A2B7D004CE874 /* Debug */ = {
			isa = XCBuildConfiguration;
			buildSettings = {
				ASSETCATALOG_COMPILER_APPICON_NAME = AppIcon;
				CODE_SIGN_STYLE = Automatic;
				DEVELOPMENT_TEAM = 4JYCUK7B5K;
				INFOPLIST_FILE = Crabs/Info.plist;
				LD_RUNPATH_SEARCH_PATHS = (
					"$(inherited)",
					"@executable_path/Frameworks",
				);
				PRODUCT_BUNDLE_IDENTIFIER = lambda.Crabs;
				PRODUCT_NAME = "$(TARGET_NAME)";
				SWIFT_VERSION = 5.0;
				TARGETED_DEVICE_FAMILY = "1,2";
			};
			name = Debug;
		};
		FB4F1221237A2B7D004CE874 /* Release */ = {
			isa = XCBuildConfiguration;
			buildSettings = {
				ASSETCATALOG_COMPILER_APPICON_NAME = AppIcon;
				CODE_SIGN_STYLE = Automatic;
				DEVELOPMENT_TEAM = 4JYCUK7B5K;
				INFOPLIST_FILE = Crabs/Info.plist;
				LD_RUNPATH_SEARCH_PATHS = (
					"$(inherited)",
					"@executable_path/Frameworks",
				);
				PRODUCT_BUNDLE_IDENTIFIER = lambda.Crabs;
				PRODUCT_NAME = "$(TARGET_NAME)";
				SWIFT_VERSION = 5.0;
				TARGETED_DEVICE_FAMILY = "1,2";
			};
			name = Release;
		};
/* End XCBuildConfiguration section */

/* Begin XCConfigurationList section */
		FB4F1206237A2B7C004CE874 /* Build configuration list for PBXProject "Crabs" */ = {
			isa = XCConfigurationList;
			buildConfigurations = (
				FB4F121D237A2B7D004CE874 /* Debug */,
				FB4F121E237A2B7D004CE874 /* Release */,
			);
			defaultConfigurationIsVisible = 0;
			defaultConfigurationName = Release;
		};
		FB4F121F237A2B7D004CE874 /* Build configuration list for PBXNativeTarget "Crabs" */ = {
			isa = XCConfigurationList;
			buildConfigurations = (
				FB4F1220237A2B7D004CE874 /* Debug */,
				FB4F1221237A2B7D004CE874 /* Release */,
			);
			defaultConfigurationIsVisible = 0;
			defaultConfigurationName = Release;
		};
/* End XCConfigurationList section */
	};
	rootObject = FB4F1203237A2B7C004CE874 /* Project object */;
}
